
Microsoft Visual Studio Solution File, Format Version 12.00
# Visual Studio Express 2012 for Windows Desktop
Project("{FAE04EC0-301F-11D3-BF4B-00C04F79EFBC}") = "AgbaraDomain", "Domain\AgbaraDomain.csproj", "{35D79AC8-9DB4-448D-9469-5997313440FC}"
EndProject
Project("{FAE04EC0-301F-11D3-BF4B-00C04F79EFBC}") = "Freeswitch", "Freeswitch\Freeswitch.csproj", "{2F9F7D18-BBD3-41A4-80B3-772AAA903172}"
EndProject
Project("{FAE04EC0-301F-11D3-BF4B-00C04F79EFBC}") = "Sample", "Sample\Sample.csproj", "{BB208365-58BE-4011-9524-EDA3A1DF40FB}"
EndProject
Project("{FAE04EC0-301F-11D3-BF4B-00C04F79EFBC}") = "AgbaraXML", "AgbaraXML\AgbaraXML.csproj", "{041D58A7-AAFA-46A7-B1E0-282B3E7EDAA5}"
EndProject
Project("{FAE04EC0-301F-11D3-BF4B-00C04F79EFBC}") = "AgbaraAPI", "AgbaraAPI\AgbaraAPI.csproj", "{0B3EA40E-F7D8-4E14-A30F-1536F41B62D1}"
EndProject
Project("{FAE04EC0-301F-11D3-BF4B-00C04F79EFBC}") = "AgbaraCommon", "AgbaraUtil\AgbaraCommon.csproj", "{204F64DF-FA09-4061-8A3E-4A6F25D0FB8F}"
EndProject
Project("{FAE04EC0-301F-11D3-BF4B-00C04F79EFBC}") = "AgbaraConsole", "AgbaraConsole\AgbaraConsole.csproj", "{D89BC2CD-6F66-4E85-AC22-C26B6574EE7C}"
EndProject
Project("{FAE04EC0-301F-11D3-BF4B-00C04F79EFBC}") = "AgbaraService", "AgbaraService\AgbaraService.csproj", "{83F48DBC-9D10-4C6E-8E8C-589C5242873D}"
EndProject
Global
	GlobalSection(SolutionConfigurationPlatforms) = preSolution
		Debug|Any CPU = Debug|Any CPU
		Debug|Mixed Platforms = Debug|Mixed Platforms
		Debug|x86 = Debug|x86
		MonoDebug|Any CPU = MonoDebug|Any CPU
		MonoDebug|Mixed Platforms = MonoDebug|Mixed Platforms
		MonoDebug|x86 = MonoDebug|x86
		MonoRelease|Any CPU = MonoRelease|Any CPU
		MonoRelease|Mixed Platforms = MonoRelease|Mixed Platforms
		MonoRelease|x86 = MonoRelease|x86
		Release|Any CPU = Release|Any CPU
		Release|Mixed Platforms = Release|Mixed Platforms
		Release|x86 = Release|x86
	EndGlobalSection
	GlobalSection(ProjectConfigurationPlatforms) = postSolution
		{35D79AC8-9DB4-448D-9469-5997313440FC}.Debug|Any CPU.ActiveCfg = Debug|Any CPU
		{35D79AC8-9DB4-448D-9469-5997313440FC}.Debug|Any CPU.Build.0 = Debug|Any CPU
		{35D79AC8-9DB4-448D-9469-5997313440FC}.Debug|Mixed Platforms.ActiveCfg = Debug|Any CPU
		{35D79AC8-9DB4-448D-9469-5997313440FC}.Debug|Mixed Platforms.Build.0 = Debug|Any CPU
		{35D79AC8-9DB4-448D-9469-5997313440FC}.Debug|x86.ActiveCfg = Debug|Any CPU
		{35D79AC8-9DB4-448D-9469-5997313440FC}.MonoDebug|Any CPU.ActiveCfg = Debug|Any CPU
		{35D79AC8-9DB4-448D-9469-5997313440FC}.MonoDebug|Any CPU.Build.0 = Debug|Any CPU
		{35D79AC8-9DB4-448D-9469-5997313440FC}.MonoDebug|Mixed Platforms.ActiveCfg = Debug|Any CPU
		{35D79AC8-9DB4-448D-9469-5997313440FC}.MonoDebug|Mixed Platforms.Build.0 = Debug|Any CPU
		{35D79AC8-9DB4-448D-9469-5997313440FC}.MonoDebug|x86.ActiveCfg = Debug|Any CPU
		{35D79AC8-9DB4-448D-9469-5997313440FC}.MonoRelease|Any CPU.ActiveCfg = Release|Any CPU
		{35D79AC8-9DB4-448D-9469-5997313440FC}.MonoRelease|Any CPU.Build.0 = Release|Any CPU
		{35D79AC8-9DB4-448D-9469-5997313440FC}.MonoRelease|Mixed Platforms.ActiveCfg = Release|Any CPU
		{35D79AC8-9DB4-448D-9469-5997313440FC}.MonoRelease|Mixed Platforms.Build.0 = Release|Any CPU
		{35D79AC8-9DB4-448D-9469-5997313440FC}.MonoRelease|x86.ActiveCfg = Release|Any CPU
		{35D79AC8-9DB4-448D-9469-5997313440FC}.Release|Any CPU.ActiveCfg = Release|Any CPU
		{35D79AC8-9DB4-448D-9469-5997313440FC}.Release|Any CPU.Build.0 = Release|Any CPU
		{35D79AC8-9DB4-448D-9469-5997313440FC}.Release|Mixed Platforms.ActiveCfg = Release|Any CPU
		{35D79AC8-9DB4-448D-9469-5997313440FC}.Release|Mixed Platforms.Build.0 = Release|Any CPU
		{35D79AC8-9DB4-448D-9469-5997313440FC}.Release|x86.ActiveCfg = Release|Any CPU
		{2F9F7D18-BBD3-41A4-80B3-772AAA903172}.Debug|Any CPU.ActiveCfg = Debug|Any CPU
		{2F9F7D18-BBD3-41A4-80B3-772AAA903172}.Debug|Any CPU.Build.0 = Debug|Any CPU
		{2F9F7D18-BBD3-41A4-80B3-772AAA903172}.Debug|Mixed Platforms.ActiveCfg = Debug|Any CPU
		{2F9F7D18-BBD3-41A4-80B3-772AAA903172}.Debug|Mixed Platforms.Build.0 = Debug|Any CPU
		{2F9F7D18-BBD3-41A4-80B3-772AAA903172}.Debug|x86.ActiveCfg = Debug|Any CPU
		{2F9F7D18-BBD3-41A4-80B3-772AAA903172}.MonoDebug|Any CPU.ActiveCfg = Debug|Any CPU
		{2F9F7D18-BBD3-41A4-80B3-772AAA903172}.MonoDebug|Any CPU.Build.0 = Debug|Any CPU
		{2F9F7D18-BBD3-41A4-80B3-772AAA903172}.MonoDebug|Mixed Platforms.ActiveCfg = Debug|Any CPU
		{2F9F7D18-BBD3-41A4-80B3-772AAA903172}.MonoDebug|Mixed Platforms.Build.0 = Debug|Any CPU
		{2F9F7D18-BBD3-41A4-80B3-772AAA903172}.MonoDebug|x86.ActiveCfg = Debug|Any CPU
		{2F9F7D18-BBD3-41A4-80B3-772AAA903172}.MonoRelease|Any CPU.ActiveCfg = Release|Any CPU
		{2F9F7D18-BBD3-41A4-80B3-772AAA903172}.MonoRelease|Any CPU.Build.0 = Release|Any CPU
		{2F9F7D18-BBD3-41A4-80B3-772AAA903172}.MonoRelease|Mixed Platforms.ActiveCfg = Release|Any CPU
		{2F9F7D18-BBD3-41A4-80B3-772AAA903172}.MonoRelease|Mixed Platforms.Build.0 = Release|Any CPU
		{2F9F7D18-BBD3-41A4-80B3-772AAA903172}.MonoRelease|x86.ActiveCfg = Release|Any CPU
		{2F9F7D18-BBD3-41A4-80B3-772AAA903172}.Release|Any CPU.ActiveCfg = Release|Any CPU
		{2F9F7D18-BBD3-41A4-80B3-772AAA903172}.Release|Any CPU.Build.0 = Release|Any CPU
		{2F9F7D18-BBD3-41A4-80B3-772AAA903172}.Release|Mixed Platforms.ActiveCfg = Release|Any CPU
		{2F9F7D18-BBD3-41A4-80B3-772AAA903172}.Release|Mixed Platforms.Build.0 = Release|Any CPU
		{2F9F7D18-BBD3-41A4-80B3-772AAA903172}.Release|x86.ActiveCfg = Release|Any CPU
		{BB208365-58BE-4011-9524-EDA3A1DF40FB}.Debug|Any CPU.ActiveCfg = Debug|Any CPU
		{BB208365-58BE-4011-9524-EDA3A1DF40FB}.Debug|Mixed Platforms.ActiveCfg = Debug|x86
		{BB208365-58BE-4011-9524-EDA3A1DF40FB}.Debug|Mixed Platforms.Build.0 = Debug|x86
		{BB208365-58BE-4011-9524-EDA3A1DF40FB}.Debug|x86.ActiveCfg = Debug|x86
		{BB208365-58BE-4011-9524-EDA3A1DF40FB}.Debug|x86.Build.0 = Debug|x86
		{BB208365-58BE-4011-9524-EDA3A1DF40FB}.MonoDebug|Any CPU.ActiveCfg = Debug|x86
		{BB208365-58BE-4011-9524-EDA3A1DF40FB}.MonoDebug|Mixed Platforms.ActiveCfg = Debug|x86
		{BB208365-58BE-4011-9524-EDA3A1DF40FB}.MonoDebug|Mixed Platforms.Build.0 = Debug|x86
		{BB208365-58BE-4011-9524-EDA3A1DF40FB}.MonoDebug|x86.ActiveCfg = Debug|x86
		{BB208365-58BE-4011-9524-EDA3A1DF40FB}.MonoDebug|x86.Build.0 = Debug|x86
		{BB208365-58BE-4011-9524-EDA3A1DF40FB}.MonoRelease|Any CPU.ActiveCfg = Release|x86
		{BB208365-58BE-4011-9524-EDA3A1DF40FB}.MonoRelease|Mixed Platforms.ActiveCfg = Release|x86
		{BB208365-58BE-4011-9524-EDA3A1DF40FB}.MonoRelease|Mixed Platforms.Build.0 = Release|x86
		{BB208365-58BE-4011-9524-EDA3A1DF40FB}.MonoRelease|x86.ActiveCfg = Release|x86
		{BB208365-58BE-4011-9524-EDA3A1DF40FB}.MonoRelease|x86.Build.0 = Release|x86
		{BB208365-58BE-4011-9524-EDA3A1DF40FB}.Release|Any CPU.ActiveCfg = Release|x86
		{BB208365-58BE-4011-9524-EDA3A1DF40FB}.Release|Mixed Platforms.ActiveCfg = Release|x86
		{BB208365-58BE-4011-9524-EDA3A1DF40FB}.Release|Mixed Platforms.Build.0 = Release|x86
		{BB208365-58BE-4011-9524-EDA3A1DF40FB}.Release|x86.ActiveCfg = Release|x86
		{BB208365-58BE-4011-9524-EDA3A1DF40FB}.Release|x86.Build.0 = Release|x86
		{041D58A7-AAFA-46A7-B1E0-282B3E7EDAA5}.Debug|Any CPU.ActiveCfg = Debug|Any CPU
		{041D58A7-AAFA-46A7-B1E0-282B3E7EDAA5}.Debug|Any CPU.Build.0 = Debug|Any CPU
		{041D58A7-AAFA-46A7-B1E0-282B3E7EDAA5}.Debug|Mixed Platforms.ActiveCfg = Debug|Any CPU
		{041D58A7-AAFA-46A7-B1E0-282B3E7EDAA5}.Debug|Mixed Platforms.Build.0 = Debug|Any CPU
		{041D58A7-AAFA-46A7-B1E0-282B3E7EDAA5}.Debug|x86.ActiveCfg = Debug|Any CPU
		{041D58A7-AAFA-46A7-B1E0-282B3E7EDAA5}.MonoDebug|Any CPU.ActiveCfg = Debug|Any CPU
		{041D58A7-AAFA-46A7-B1E0-282B3E7EDAA5}.MonoDebug|Any CPU.Build.0 = Debug|Any CPU
		{041D58A7-AAFA-46A7-B1E0-282B3E7EDAA5}.MonoDebug|Mixed Platforms.ActiveCfg = Debug|Any CPU
		{041D58A7-AAFA-46A7-B1E0-282B3E7EDAA5}.MonoDebug|Mixed Platforms.Build.0 = Debug|Any CPU
		{041D58A7-AAFA-46A7-B1E0-282B3E7EDAA5}.MonoDebug|x86.ActiveCfg = Debug|Any CPU
		{041D58A7-AAFA-46A7-B1E0-282B3E7EDAA5}.MonoRelease|Any CPU.ActiveCfg = Release|Any CPU
		{041D58A7-AAFA-46A7-B1E0-282B3E7EDAA5}.MonoRelease|Any CPU.Build.0 = Release|Any CPU
		{041D58A7-AAFA-46A7-B1E0-282B3E7EDAA5}.MonoRelease|Mixed Platforms.ActiveCfg = Release|Any CPU
		{041D58A7-AAFA-46A7-B1E0-282B3E7EDAA5}.MonoRelease|Mixed Platforms.Build.0 = Release|Any CPU
		{041D58A7-AAFA-46A7-B1E0-282B3E7EDAA5}.MonoRelease|x86.ActiveCfg = Release|Any CPU
		{041D58A7-AAFA-46A7-B1E0-282B3E7EDAA5}.Release|Any CPU.ActiveCfg = Release|Any CPU
		{041D58A7-AAFA-46A7-B1E0-282B3E7EDAA5}.Release|Any CPU.Build.0 = Release|Any CPU
		{041D58A7-AAFA-46A7-B1E0-282B3E7EDAA5}.Release|Mixed Platforms.ActiveCfg = Release|Any CPU
		{041D58A7-AAFA-46A7-B1E0-282B3E7EDAA5}.Release|Mixed Platforms.Build.0 = Release|Any CPU
		{041D58A7-AAFA-46A7-B1E0-282B3E7EDAA5}.Release|x86.ActiveCfg = Release|Any CPU
		{0B3EA40E-F7D8-4E14-A30F-1536F41B62D1}.Debug|Any CPU.ActiveCfg = Debug|Any CPU
		{0B3EA40E-F7D8-4E14-A30F-1536F41B62D1}.Debug|Any CPU.Build.0 = Debug|Any CPU
		{0B3EA40E-F7D8-4E14-A30F-1536F41B62D1}.Debug|Mixed Platforms.ActiveCfg = Debug|x86
		{0B3EA40E-F7D8-4E14-A30F-1536F41B62D1}.Debug|Mixed Platforms.Build.0 = Debug|x86
		{0B3EA40E-F7D8-4E14-A30F-1536F41B62D1}.Debug|x86.ActiveCfg = Debug|x86
		{0B3EA40E-F7D8-4E14-A30F-1536F41B62D1}.Debug|x86.Build.0 = Debug|x86
		{0B3EA40E-F7D8-4E14-A30F-1536F41B62D1}.MonoDebug|Any CPU.ActiveCfg = MonoDebug|x86
		{0B3EA40E-F7D8-4E14-A30F-1536F41B62D1}.MonoDebug|Mixed Platforms.ActiveCfg = MonoDebug|x86
		{0B3EA40E-F7D8-4E14-A30F-1536F41B62D1}.MonoDebug|Mixed Platforms.Build.0 = MonoDebug|x86
		{0B3EA40E-F7D8-4E14-A30F-1536F41B62D1}.MonoDebug|x86.ActiveCfg = MonoDebug|x86
		{0B3EA40E-F7D8-4E14-A30F-1536F41B62D1}.MonoDebug|x86.Build.0 = MonoDebug|x86
		{0B3EA40E-F7D8-4E14-A30F-1536F41B62D1}.MonoRelease|Any CPU.ActiveCfg = MonoRelease|x86
		{0B3EA40E-F7D8-4E14-A30F-1536F41B62D1}.MonoRelease|Mixed Platforms.ActiveCfg = MonoRelease|x86
		{0B3EA40E-F7D8-4E14-A30F-1536F41B62D1}.MonoRelease|Mixed Platforms.Build.0 = MonoRelease|x86
		{0B3EA40E-F7D8-4E14-A30F-1536F41B62D1}.MonoRelease|x86.ActiveCfg = MonoRelease|x86
		{0B3EA40E-F7D8-4E14-A30F-1536F41B62D1}.MonoRelease|x86.Build.0 = MonoRelease|x86
		{0B3EA40E-F7D8-4E14-A30F-1536F41B62D1}.Release|Any CPU.ActiveCfg = Release|x86
		{0B3EA40E-F7D8-4E14-A30F-1536F41B62D1}.Release|Mixed Platforms.ActiveCfg = Release|x86
		{0B3EA40E-F7D8-4E14-A30F-1536F41B62D1}.Release|Mixed Platforms.Build.0 = Release|x86
		{0B3EA40E-F7D8-4E14-A30F-1536F41B62D1}.Release|x86.ActiveCfg = Release|x86
		{0B3EA40E-F7D8-4E14-A30F-1536F41B62D1}.Release|x86.Build.0 = Release|x86
		{204F64DF-FA09-4061-8A3E-4A6F25D0FB8F}.Debug|Any CPU.ActiveCfg = Debug|Any CPU
		{204F64DF-FA09-4061-8A3E-4A6F25D0FB8F}.Debug|Any CPU.Build.0 = Debug|Any CPU
		{204F64DF-FA09-4061-8A3E-4A6F25D0FB8F}.Debug|Mixed Platforms.ActiveCfg = Debug|Any CPU
		{204F64DF-FA09-4061-8A3E-4A6F25D0FB8F}.Debug|Mixed Platforms.Build.0 = Debug|Any CPU
		{204F64DF-FA09-4061-8A3E-4A6F25D0FB8F}.Debug|x86.ActiveCfg = Debug|Any CPU
		{204F64DF-FA09-4061-8A3E-4A6F25D0FB8F}.MonoDebug|Any CPU.ActiveCfg = Debug|Any CPU
		{204F64DF-FA09-4061-8A3E-4A6F25D0FB8F}.MonoDebug|Any CPU.Build.0 = Debug|Any CPU
		{204F64DF-FA09-4061-8A3E-4A6F25D0FB8F}.MonoDebug|Mixed Platforms.ActiveCfg = Debug|Any CPU
		{204F64DF-FA09-4061-8A3E-4A6F25D0FB8F}.MonoDebug|Mixed Platforms.Build.0 = Debug|Any CPU
		{204F64DF-FA09-4061-8A3E-4A6F25D0FB8F}.MonoDebug|x86.ActiveCfg = Debug|Any CPU
		{204F64DF-FA09-4061-8A3E-4A6F25D0FB8F}.MonoRelease|Any CPU.ActiveCfg = Release|Any CPU
		{204F64DF-FA09-4061-8A3E-4A6F25D0FB8F}.MonoRelease|Any CPU.Build.0 = Release|Any CPU
		{204F64DF-FA09-4061-8A3E-4A6F25D0FB8F}.MonoRelease|Mixed Platforms.ActiveCfg = Release|Any CPU
		{204F64DF-FA09-4061-8A3E-4A6F25D0FB8F}.MonoRelease|Mixed Platforms.Build.0 = Release|Any CPU
		{204F64DF-FA09-4061-8A3E-4A6F25D0FB8F}.MonoRelease|x86.ActiveCfg = Release|Any CPU
		{204F64DF-FA09-4061-8A3E-4A6F25D0FB8F}.Release|Any CPU.ActiveCfg = Release|Any CPU
		{204F64DF-FA09-4061-8A3E-4A6F25D0FB8F}.Release|Any CPU.Build.0 = Release|Any CPU
		{204F64DF-FA09-4061-8A3E-4A6F25D0FB8F}.Release|Mixed Platforms.ActiveCfg = Release|Any CPU
		{204F64DF-FA09-4061-8A3E-4A6F25D0FB8F}.Release|Mixed Platforms.Build.0 = Release|Any CPU
		{204F64DF-FA09-4061-8A3E-4A6F25D0FB8F}.Release|x86.ActiveCfg = Release|Any CPU
		{D89BC2CD-6F66-4E85-AC22-C26B6574EE7C}.Debug|Any CPU.ActiveCfg = Debug|Any CPU
		{D89BC2CD-6F66-4E85-AC22-C26B6574EE7C}.Debug|Any CPU.Build.0 = Debug|Any CPU
		{D89BC2CD-6F66-4E85-AC22-C26B6574EE7C}.Debug|Mixed Platforms.ActiveCfg = Debug|x86
		{D89BC2CD-6F66-4E85-AC22-C26B6574EE7C}.Debug|Mixed Platforms.Build.0 = Debug|x86
		{D89BC2CD-6F66-4E85-AC22-C26B6574EE7C}.Debug|x86.ActiveCfg = Debug|x86
		{D89BC2CD-6F66-4E85-AC22-C26B6574EE7C}.Debug|x86.Build.0 = Debug|x86
		{D89BC2CD-6F66-4E85-AC22-C26B6574EE7C}.MonoDebug|Any CPU.ActiveCfg = Debug|x86
		{D89BC2CD-6F66-4E85-AC22-C26B6574EE7C}.MonoDebug|Mixed Platforms.ActiveCfg = Debug|x86
		{D89BC2CD-6F66-4E85-AC22-C26B6574EE7C}.MonoDebug|Mixed Platforms.Build.0 = Debug|x86
		{D89BC2CD-6F66-4E85-AC22-C26B6574EE7C}.MonoDebug|x86.ActiveCfg = Debug|x86
		{D89BC2CD-6F66-4E85-AC22-C26B6574EE7C}.MonoDebug|x86.Build.0 = Debug|x86
		{D89BC2CD-6F66-4E85-AC22-C26B6574EE7C}.MonoRelease|Any CPU.ActiveCfg = Release|x86
		{D89BC2CD-6F66-4E85-AC22-C26B6574EE7C}.MonoRelease|Mixed Platforms.ActiveCfg = Release|x86
		{D89BC2CD-6F66-4E85-AC22-C26B6574EE7C}.MonoRelease|Mixed Platforms.Build.0 = Release|x86
		{D89BC2CD-6F66-4E85-AC22-C26B6574EE7C}.MonoRelease|x86.ActiveCfg = Release|x86
		{D89BC2CD-6F66-4E85-AC22-C26B6574EE7C}.MonoRelease|x86.Build.0 = Release|x86
		{D89BC2CD-6F66-4E85-AC22-C26B6574EE7C}.Release|Any CPU.ActiveCfg = Release|x86
		{D89BC2CD-6F66-4E85-AC22-C26B6574EE7C}.Release|Mixed Platforms.ActiveCfg = Release|x86
		{D89BC2CD-6F66-4E85-AC22-C26B6574EE7C}.Release|Mixed Platforms.Build.0 = Release|x86
		{D89BC2CD-6F66-4E85-AC22-C26B6574EE7C}.Release|x86.ActiveCfg = Release|x86
		{D89BC2CD-6F66-4E85-AC22-C26B6574EE7C}.Release|x86.Build.0 = Release|x86
		{83F48DBC-9D10-4C6E-8E8C-589C5242873D}.Debug|Any CPU.ActiveCfg = Debug|Any CPU
		{83F48DBC-9D10-4C6E-8E8C-589C5242873D}.Debug|Any CPU.Build.0 = Debug|Any CPU
		{83F48DBC-9D10-4C6E-8E8C-589C5242873D}.Debug|Mixed Platforms.ActiveCfg = Debug|x86
		{83F48DBC-9D10-4C6E-8E8C-589C5242873D}.Debug|Mixed Platforms.Build.0 = Debug|x86
		{83F48DBC-9D10-4C6E-8E8C-589C5242873D}.Debug|x86.ActiveCfg = Debug|x86
		{83F48DBC-9D10-4C6E-8E8C-589C5242873D}.Debug|x86.Build.0 = Debug|x86
		{83F48DBC-9D10-4C6E-8E8C-589C5242873D}.MonoDebug|Any CPU.ActiveCfg = Debug|Any CPU
		{83F48DBC-9D10-4C6E-8E8C-589C5242873D}.MonoDebug|Any CPU.Build.0 = Debug|Any CPU
		{83F48DBC-9D10-4C6E-8E8C-589C5242873D}.MonoDebug|Mixed Platforms.ActiveCfg = Debug|x86
		{83F48DBC-9D10-4C6E-8E8C-589C5242873D}.MonoDebug|Mixed Platforms.Build.0 = Debug|x86
		{83F48DBC-9D10-4C6E-8E8C-589C5242873D}.MonoDebug|x86.ActiveCfg = Debug|x86
		{83F48DBC-9D10-4C6E-8E8C-589C5242873D}.MonoDebug|x86.Build.0 = Debug|x86
		{83F48DBC-9D10-4C6E-8E8C-589C5242873D}.MonoRelease|Any CPU.ActiveCfg = Release|Any CPU
		{83F48DBC-9D10-4C6E-8E8C-589C5242873D}.MonoRelease|Any CPU.Build.0 = Release|Any CPU
		{83F48DBC-9D10-4C6E-8E8C-589C5242873D}.MonoRelease|Mixed Platforms.ActiveCfg = Release|x86
		{83F48DBC-9D10-4C6E-8E8C-589C5242873D}.MonoRelease|Mixed Platforms.Build.0 = Release|x86
		{83F48DBC-9D10-4C6E-8E8C-589C5242873D}.MonoRelease|x86.ActiveCfg = Release|x86
		{83F48DBC-9D10-4C6E-8E8C-589C5242873D}.MonoRelease|x86.Build.0 = Release|x86
		{83F48DBC-9D10-4C6E-8E8C-589C5242873D}.Release|Any CPU.ActiveCfg = Release|Any CPU
		{83F48DBC-9D10-4C6E-8E8C-589C5242873D}.Release|Any CPU.Build.0 = Release|Any CPU
		{83F48DBC-9D10-4C6E-8E8C-589C5242873D}.Release|Mixed Platforms.ActiveCfg = Release|x86
		{83F48DBC-9D10-4C6E-8E8C-589C5242873D}.Release|Mixed Platforms.Build.0 = Release|x86
		{83F48DBC-9D10-4C6E-8E8C-589C5242873D}.Release|x86.ActiveCfg = Release|x86
		{83F48DBC-9D10-4C6E-8E8C-589C5242873D}.Release|x86.Build.0 = Release|x86
	EndGlobalSection
	GlobalSection(SolutionProperties) = preSolution
		HideSolutionNode = FALSE
	EndGlobalSection
EndGlobal
